
Microsoft Visual Studio Solution File, Format Version 12.00
# Visual Studio Version 16
VisualStudioVersion = 16.0.29411.108
MinimumVisualStudioVersion = 10.0.40219.1
Project("{FAE04EC0-301F-11D3-BF4B-00C04F79EFBC}") = "AzSelfService", "AzSelfService\AzSelfService.csproj", "{E6E8F8D6-44C4-4489-A98A-5F775208AF93}"
EndProject
Project("{FAE04EC0-301F-11D3-BF4B-00C04F79EFBC}") = "AzEnableSubActions", "AzEnableSubActions\AzEnableSubActions.csproj", "{006F300E-581E-4FF7-8417-131A81E9E5E0}"
EndProject
Global
	GlobalSection(SolutionConfigurationPlatforms) = preSolution
		Debug|Any CPU = Debug|Any CPU
		Release|Any CPU = Release|Any CPU
	EndGlobalSection
	GlobalSection(ProjectConfigurationPlatforms) = postSolution
		{E6E8F8D6-44C4-4489-A98A-5F775208AF93}.Debug|Any CPU.ActiveCfg = Debug|Any CPU
		{E6E8F8D6-44C4-4489-A98A-5F775208AF93}.Debug|Any CPU.Build.0 = Debug|Any CPU
		{E6E8F8D6-44C4-4489-A98A-5F775208AF93}.Release|Any CPU.ActiveCfg = Release|Any CPU
		{E6E8F8D6-44C4-4489-A98A-5F775208AF93}.Release|Any CPU.Build.0 = Release|Any CPU
		{006F300E-581E-4FF7-8417-131A81E9E5E0}.Debug|Any CPU.ActiveCfg = Debug|Any CPU
		{006F300E-581E-4FF7-8417-131A81E9E5E0}.Debug|Any CPU.Build.0 = Debug|Any CPU
		{006F300E-581E-4FF7-8417-131A81E9E5E0}.Release|Any CPU.ActiveCfg = Release|Any CPU
		{006F300E-581E-4FF7-8417-131A81E9E5E0}.Release|Any CPU.Build.0 = Release|Any CPU
	EndGlobalSection
	GlobalSection(SolutionProperties) = preSolution
		HideSolutionNode = FALSE
	EndGlobalSection
	GlobalSection(ExtensibilityGlobals) = postSolution
		SolutionGuid = {6D2E2E4E-2A81-43D4-8299-F74080F9EAFE}
	EndGlobalSection
EndGlobal
